
Microsoft Visual Studio Solution File, Format Version 12.00
# Visual Studio Version 17
VisualStudioVersion = 17.0.31919.166
MinimumVisualStudioVersion = 10.0.40219.1
Project("{8BC9CEB8-8B4A-11D0-8D11-00A0C91BC942}") = "Platon", "Platon\Platon.vcxproj", "{D15984EC-57E7-4111-9D1F-0129416C242B}"
EndProject
Global
	GlobalSection(SolutionConfigurationPlatforms) = preSolution
		Debug|x64 = Debug|x64
		Debug|x86 = Debug|x86
		Release|x64 = Release|x64
		Release|x86 = Release|x86
	EndGlobalSection
	GlobalSection(ProjectConfigurationPlatforms) = postSolution
		{D15984EC-57E7-4111-9D1F-0129416C242B}.Debug|x64.ActiveCfg = Debug|x64
		{D15984EC-57E7-4111-9D1F-0129416C242B}.Debug|x64.Build.0 = Debug|x64
		{D15984EC-57E7-4111-9D1F-0129416C242B}.Debug|x86.ActiveCfg = Debug|Win32
		{D15984EC-57E7-4111-9D1F-0129416C242B}.Debug|x86.Build.0 = Debug|Win32
		{D15984EC-57E7-4111-9D1F-0129416C242B}.Release|x64.ActiveCfg = Release|x64
		{D15984EC-57E7-4111-9D1F-0129416C242B}.Release|x64.Build.0 = Release|x64
		{D15984EC-57E7-4111-9D1F-0129416C242B}.Release|x86.ActiveCfg = Release|Win32
		{D15984EC-57E7-4111-9D1F-0129416C242B}.Release|x86.Build.0 = Release|Win32
	EndGlobalSection
	GlobalSection(SolutionProperties) = preSolution
		HideSolutionNode = FALSE
	EndGlobalSection
	GlobalSection(ExtensibilityGlobals) = postSolution
		SolutionGuid = {06CDF712-1C89-44E7-AC4F-49B679D0B181}
	EndGlobalSection
EndGlobal
